// !$*UTF8*$!
{
	archiveVersion = 1;
	classes = {
	};
	objectVersion = 46;
	objects = {

/* Begin PBXFileReference section */
		055EB4FA1A93AF14009ACFEC /* elf.h */ = {isa = PBXFileReference; fileEncoding = 4; lastKnownFileType = sourcecode.c.h; path = elf.h; sourceTree = "<group>"; };
		055EB4FB1A93AF14009ACFEC /* file.h */ = {isa = PBXFileReference; fileEncoding = 4; lastKnownFileType = sourcecode.c.h; path = file.h; sourceTree = "<group>"; };
		055EB4FC1A93AF14009ACFEC /* functions.h */ = {isa = PBXFileReference; fileEncoding = 4; lastKnownFileType = sourcecode.c.h; path = functions.h; sourceTree = "<group>"; };
		055EB4FD1A93AF14009ACFEC /* header.h */ = {isa = PBXFileReference; fileEncoding = 4; lastKnownFileType = sourcecode.c.h; path = header.h; sourceTree = "<group>"; };
		055EB4FE1A93AF14009ACFEC /* pheader.h */ = {isa = PBXFileReference; fileEncoding = 4; lastKnownFileType = sourcecode.c.h; path = pheader.h; sourceTree = "<group>"; };
		055EB4FF1A93AF14009ACFEC /* sheader.h */ = {isa = PBXFileReference; fileEncoding = 4; lastKnownFileType = sourcecode.c.h; path = sheader.h; sourceTree = "<group>"; };
		055EB5001A93AF14009ACFEC /* symbol.h */ = {isa = PBXFileReference; fileEncoding = 4; lastKnownFileType = sourcecode.c.h; path = symbol.h; sourceTree = "<group>"; };
		055EB5011A93AF14009ACFEC /* types.h */ = {isa = PBXFileReference; fileEncoding = 4; lastKnownFileType = sourcecode.c.h; path = types.h; sourceTree = "<group>"; };
		055EB5021A93AF14009ACFEC /* elf.h */ = {isa = PBXFileReference; fileEncoding = 4; lastKnownFileType = sourcecode.c.h; path = elf.h; sourceTree = "<group>"; };
		055EB5031A93AF14009ACFEC /* Makefile */ = {isa = PBXFileReference; fileEncoding = 4; lastKnownFileType = sourcecode.make; path = Makefile; sourceTree = "<group>"; };
		055EB5041A93AF14009ACFEC /* README.md */ = {isa = PBXFileReference; fileEncoding = 4; lastKnownFileType = net.daringfireball.markdown; path = README.md; sourceTree = "<group>"; };
		055EB5071A93AF14009ACFEC /* ELF64_FileGetDataForSection.c */ = {isa = PBXFileReference; fileEncoding = 4; lastKnownFileType = sourcecode.c.c; path = ELF64_FileGetDataForSection.c; sourceTree = "<group>"; };
		055EB5081A93AF14009ACFEC /* ELF64_FileGetDataForSectionAtIndex.c */ = {isa = PBXFileReference; fileEncoding = 4; lastKnownFileType = sourcecode.c.c; path = ELF64_FileGetDataForSectionAtIndex.c; sourceTree = "<group>"; };
		055EB5091A93AF14009ACFEC /* ELF64_FileGetHeader.c */ = {isa = PBXFileReference; fileEncoding = 4; lastKnownFileType = sourcecode.c.c; path = ELF64_FileGetHeader.c; sourceTree = "<group>"; };
		055EB50A1A93AF14009ACFEC /* ELF64_FileGetNameOfSection.c */ = {isa = PBXFileReference; fileEncoding = 4; lastKnownFileType = sourcecode.c.c; path = ELF64_FileGetNameOfSection.c; sourceTree = "<group>"; };
		055EB50B1A93AF14009ACFEC /* ELF64_FileGetNameOfSectionAtIndex.c */ = {isa = PBXFileReference; fileEncoding = 4; lastKnownFileType = sourcecode.c.c; path = ELF64_FileGetNameOfSectionAtIndex.c; sourceTree = "<group>"; };
		055EB50C1A93AF14009ACFEC /* ELF64_FileGetProgramHeaderEntry.c */ = {isa = PBXFileReference; fileEncoding = 4; lastKnownFileType = sourcecode.c.c; path = ELF64_FileGetProgramHeaderEntry.c; sourceTree = "<group>"; };
		055EB50D1A93AF14009ACFEC /* ELF64_FileGetSectionHeaderEntry.c */ = {isa = PBXFileReference; fileEncoding = 4; lastKnownFileType = sourcecode.c.c; path = ELF64_FileGetSectionHeaderEntry.c; sourceTree = "<group>"; };
		055EB50E1A93AF14009ACFEC /* ELF64_FileGetSectionHeaderEntryWithName.c */ = {isa = PBXFileReference; fileEncoding = 4; lastKnownFileType = sourcecode.c.c; path = ELF64_FileGetSectionHeaderEntryWithName.c; sourceTree = "<group>"; };
		055EB50F1A93AF14009ACFEC /* ELF64_FileGetStringTableHeaderEntry.c */ = {isa = PBXFileReference; fileEncoding = 4; lastKnownFileType = sourcecode.c.c; path = ELF64_FileGetStringTableHeaderEntry.c; sourceTree = "<group>"; };
		055EB5101A93AF14009ACFEC /* ELF64_FileGetSymbolTableEntryForSection.c */ = {isa = PBXFileReference; fileEncoding = 4; lastKnownFileType = sourcecode.c.c; path = ELF64_FileGetSymbolTableEntryForSection.c; sourceTree = "<group>"; };
		055EB5111A93AF14009ACFEC /* ELF64_FileGetSymbolTableEntryNameForSection.c */ = {isa = PBXFileReference; fileEncoding = 4; lastKnownFileType = sourcecode.c.c; path = ELF64_FileGetSymbolTableEntryNameForSection.c; sourceTree = "<group>"; };
		055EB5121A93AF14009ACFEC /* ELF64_FileGetSymbolTableEntryWithAddress.c */ = {isa = PBXFileReference; fileEncoding = 4; lastKnownFileType = sourcecode.c.c; path = ELF64_FileGetSymbolTableEntryWithAddress.c; sourceTree = "<group>"; };
		055EB5131A93AF14009ACFEC /* ELF64_FileGetSymbolTableEntryWithName.c */ = {isa = PBXFileReference; fileEncoding = 4; lastKnownFileType = sourcecode.c.c; path = ELF64_FileGetSymbolTableEntryWithName.c; sourceTree = "<group>"; };
		055EB5141A93AF14009ACFEC /* ELF64_FileIsValid.c */ = {isa = PBXFileReference; fileEncoding = 4; lastKnownFileType = sourcecode.c.c; path = ELF64_FileIsValid.c; sourceTree = "<group>"; };
		055EB5161A93AF14009ACFEC /* ELF64_Hash.c */ = {isa = PBXFileReference; fileEncoding = 4; lastKnownFileType = sourcecode.c.c; path = ELF64_Hash.c; sourceTree = "<group>"; };
		055EB5171A93AF14009ACFEC /* ELF64_ReadFromData.c */ = {isa = PBXFileReference; fileEncoding = 4; lastKnownFileType = sourcecode.c.c; path = ELF64_ReadFromData.c; sourceTree = "<group>"; };
		055EB5191A93AF14009ACFEC /* ELF64_HeaderGetDataEncoding.c */ = {isa = PBXFileReference; fileEncoding = 4; lastKnownFileType = sourcecode.c.c; path = ELF64_HeaderGetDataEncoding.c; sourceTree = "<group>"; };
		055EB51A1A93AF14009ACFEC /* ELF64_HeaderGetDataEncodingString.c */ = {isa = PBXFileReference; fileEncoding = 4; lastKnownFileType = sourcecode.c.c; path = ELF64_HeaderGetDataEncodingString.c; sourceTree = "<group>"; };
		055EB51B1A93AF14009ACFEC /* ELF64_HeaderGetEntryPointAddress.c */ = {isa = PBXFileReference; fileEncoding = 4; lastKnownFileType = sourcecode.c.c; path = ELF64_HeaderGetEntryPointAddress.c; sourceTree = "<group>"; };
		055EB51C1A93AF14009ACFEC /* ELF64_HeaderGetFileVersion.c */ = {isa = PBXFileReference; fileEncoding = 4; lastKnownFileType = sourcecode.c.c; path = ELF64_HeaderGetFileVersion.c; sourceTree = "<group>"; };
		055EB51D1A93AF14009ACFEC /* ELF64_HeaderGetHeaderSize.c */ = {isa = PBXFileReference; fileEncoding = 4; lastKnownFileType = sourcecode.c.c; path = ELF64_HeaderGetHeaderSize.c; sourceTree = "<group>"; };
		055EB51E1A93AF14009ACFEC /* ELF64_HeaderGetMachine.c */ = {isa = PBXFileReference; fileEncoding = 4; lastKnownFileType = sourcecode.c.c; path = ELF64_HeaderGetMachine.c; sourceTree = "<group>"; };
		055EB51F1A93AF14009ACFEC /* ELF64_HeaderGetMachineType.c */ = {isa = PBXFileReference; fileEncoding = 4; lastKnownFileType = sourcecode.c.c; path = ELF64_HeaderGetMachineType.c; sourceTree = "<group>"; };
		055EB5201A93AF14009ACFEC /* ELF64_HeaderGetMachineTypeString.c */ = {isa = PBXFileReference; fileEncoding = 4; lastKnownFileType = sourcecode.c.c; path = ELF64_HeaderGetMachineTypeString.c; sourceTree = "<group>"; };
		055EB5211A93AF14009ACFEC /* ELF64_HeaderGetObjectFileClass.c */ = {isa = PBXFileReference; fileEncoding = 4; lastKnownFileType = sourcecode.c.c; path = ELF64_HeaderGetObjectFileClass.c; sourceTree = "<group>"; };
		055EB5221A93AF14009ACFEC /* ELF64_HeaderGetObjectFileClassString.c */ = {isa = PBXFileReference; fileEncoding = 4; lastKnownFileType = sourcecode.c.c; path = ELF64_HeaderGetObjectFileClassString.c; sourceTree = "<group>"; };
		055EB5231A93AF14009ACFEC /* ELF64_HeaderGetObjectFileType.c */ = {isa = PBXFileReference; fileEncoding = 4; lastKnownFileType = sourcecode.c.c; path = ELF64_HeaderGetObjectFileType.c; sourceTree = "<group>"; };
		055EB5241A93AF14009ACFEC /* ELF64_HeaderGetObjectFileTypeString.c */ = {isa = PBXFileReference; fileEncoding = 4; lastKnownFileType = sourcecode.c.c; path = ELF64_HeaderGetObjectFileTypeString.c; sourceTree = "<group>"; };
		055EB5251A93AF14009ACFEC /* ELF64_HeaderGetOSABI.c */ = {isa = PBXFileReference; fileEncoding = 4; lastKnownFileType = sourcecode.c.c; path = ELF64_HeaderGetOSABI.c; sourceTree = "<group>"; };
		055EB5261A93AF14009ACFEC /* ELF64_HeaderGetOSABIString.c */ = {isa = PBXFileReference; fileEncoding = 4; lastKnownFileType = sourcecode.c.c; path = ELF64_HeaderGetOSABIString.c; sourceTree = "<group>"; };
		055EB5271A93AF14009ACFEC /* ELF64_HeaderGetProcessorSpecificFlags.c */ = {isa = PBXFileReference; fileEncoding = 4; lastKnownFileType = sourcecode.c.c; path = ELF64_HeaderGetProcessorSpecificFlags.c; sourceTree = "<group>"; };
		055EB5281A93AF14009ACFEC /* ELF64_HeaderGetProgramHeaderEntryCount.c */ = {isa = PBXFileReference; fileEncoding = 4; lastKnownFileType = sourcecode.c.c; path = ELF64_HeaderGetProgramHeaderEntryCount.c; sourceTree = "<group>"; };
		055EB5291A93AF14009ACFEC /* ELF64_HeaderGetProgramHeaderEntrySize.c */ = {isa = PBXFileReference; fileEncoding = 4; lastKnownFileType = sourcecode.c.c; path = ELF64_HeaderGetProgramHeaderEntrySize.c; sourceTree = "<group>"; };
		055EB52A1A93AF14009ACFEC /* ELF64_HeaderGetProgramHeaderOffset.c */ = {isa = PBXFileReference; fileEncoding = 4; lastKnownFileType = sourcecode.c.c; path = ELF64_HeaderGetProgramHeaderOffset.c; sourceTree = "<group>"; };
		055EB52B1A93AF14009ACFEC /* ELF64_HeaderGetSectionHeaderEntryCount.c */ = {isa = PBXFileReference; fileEncoding = 4; lastKnownFileType = sourcecode.c.c; path = ELF64_HeaderGetSectionHeaderEntryCount.c; sourceTree = "<group>"; };
		055EB52C1A93AF14009ACFEC /* ELF64_HeaderGetSectionHeaderEntrySize.c */ = {isa = PBXFileReference; fileEncoding = 4; lastKnownFileType = sourcecode.c.c; path = ELF64_HeaderGetSectionHeaderEntrySize.c; sourceTree = "<group>"; };
		055EB52D1A93AF14009ACFEC /* ELF64_HeaderGetSectionHeaderOffset.c */ = {isa = PBXFileReference; fileEncoding = 4; lastKnownFileType = sourcecode.c.c; path = ELF64_HeaderGetSectionHeaderOffset.c; sourceTree = "<group>"; };
		055EB52E1A93AF14009ACFEC /* ELF64_HeaderGetSectionNameStringTableIndex.c */ = {isa = PBXFileReference; fileEncoding = 4; lastKnownFileType = sourcecode.c.c; path = ELF64_HeaderGetSectionNameStringTableIndex.c; sourceTree = "<group>"; };
		055EB52F1A93AF14009ACFEC /* ELF64_HeaderGetVersion.c */ = {isa = PBXFileReference; fileEncoding = 4; lastKnownFileType = sourcecode.c.c; path = ELF64_HeaderGetVersion.c; sourceTree = "<group>"; };
		055EB5311A93AF14009ACFEC /* ELF64_ProgramHeaderEntryGetAlignment.c */ = {isa = PBXFileReference; fileEncoding = 4; lastKnownFileType = sourcecode.c.c; path = ELF64_ProgramHeaderEntryGetAlignment.c; sourceTree = "<group>"; };
		055EB5321A93AF14009ACFEC /* ELF64_ProgramHeaderEntryGetAttributes.c */ = {isa = PBXFileReference; fileEncoding = 4; lastKnownFileType = sourcecode.c.c; path = ELF64_ProgramHeaderEntryGetAttributes.c; sourceTree = "<group>"; };
		055EB5331A93AF14009ACFEC /* ELF64_ProgramHeaderEntryGetAttributesString.c */ = {isa = PBXFileReference; fileEncoding = 4; lastKnownFileType = sourcecode.c.c; path = ELF64_ProgramHeaderEntryGetAttributesString.c; sourceTree = "<group>"; };
		055EB5341A93AF14009ACFEC /* ELF64_ProgramHeaderEntryGetFileOffset.c */ = {isa = PBXFileReference; fileEncoding = 4; lastKnownFileType = sourcecode.c.c; path = ELF64_ProgramHeaderEntryGetFileOffset.c; sourceTree = "<group>"; };
		055EB5351A93AF14009ACFEC /* ELF64_ProgramHeaderEntryGetFileSize.c */ = {isa = PBXFileReference; fileEncoding = 4; lastKnownFileType = sourcecode.c.c; path = ELF64_ProgramHeaderEntryGetFileSize.c; sourceTree = "<group>"; };
		055EB5361A93AF14009ACFEC /* ELF64_ProgramHeaderEntryGetMemorySize.c */ = {isa = PBXFileReference; fileEncoding = 4; lastKnownFileType = sourcecode.c.c; path = ELF64_ProgramHeaderEntryGetMemorySize.c; sourceTree = "<group>"; };
		055EB5371A93AF14009ACFEC /* ELF64_ProgramHeaderEntryGetMemoryVirtualAddress.c */ = {isa = PBXFileReference; fileEncoding = 4; lastKnownFileType = sourcecode.c.c; path = ELF64_ProgramHeaderEntryGetMemoryVirtualAddress.c; sourceTree = "<group>"; };
		055EB5381A93AF14009ACFEC /* ELF64_ProgramHeaderEntryGetType.c */ = {isa = PBXFileReference; fileEncoding = 4; lastKnownFileType = sourcecode.c.c; path = ELF64_ProgramHeaderEntryGetType.c; sourceTree = "<group>"; };
		055EB5391A93AF14009ACFEC /* ELF64_ProgramHeaderEntryGetTypeString.c */ = {isa = PBXFileReference; fileEncoding = 4; lastKnownFileType = sourcecode.c.c; path = ELF64_ProgramHeaderEntryGetTypeString.c; sourceTree = "<group>"; };
		055EB53B1A93AF14009ACFEC /* ELF64_SectionHeaderEntryGetAddressAlignmentBoundary.c */ = {isa = PBXFileReference; fileEncoding = 4; lastKnownFileType = sourcecode.c.c; path = ELF64_SectionHeaderEntryGetAddressAlignmentBoundary.c; sourceTree = "<group>"; };
		055EB53C1A93AF14009ACFEC /* ELF64_SectionHeaderEntryGetAttributes.c */ = {isa = PBXFileReference; fileEncoding = 4; lastKnownFileType = sourcecode.c.c; path = ELF64_SectionHeaderEntryGetAttributes.c; sourceTree = "<group>"; };
		055EB53D1A93AF14009ACFEC /* ELF64_SectionHeaderEntryGetAttributesString.c */ = {isa = PBXFileReference; fileEncoding = 4; lastKnownFileType = sourcecode.c.c; path = ELF64_SectionHeaderEntryGetAttributesString.c; sourceTree = "<group>"; };
		055EB53E1A93AF14009ACFEC /* ELF64_SectionHeaderEntryGetEntrySize.c */ = {isa = PBXFileReference; fileEncoding = 4; lastKnownFileType = sourcecode.c.c; path = ELF64_SectionHeaderEntryGetEntrySize.c; sourceTree = "<group>"; };
		055EB53F1A93AF14009ACFEC /* ELF64_SectionHeaderEntryGetFileOffset.c */ = {isa = PBXFileReference; fileEncoding = 4; lastKnownFileType = sourcecode.c.c; path = ELF64_SectionHeaderEntryGetFileOffset.c; sourceTree = "<group>"; };
		055EB5401A93AF14009ACFEC /* ELF64_SectionHeaderEntryGetLinkedSectionIndex.c */ = {isa = PBXFileReference; fileEncoding = 4; lastKnownFileType = sourcecode.c.c; path = ELF64_SectionHeaderEntryGetLinkedSectionIndex.c; sourceTree = "<group>"; };
		055EB5411A93AF14009ACFEC /* ELF64_SectionHeaderEntryGetMemoryVirtualAddress.c */ = {isa = PBXFileReference; fileEncoding = 4; lastKnownFileType = sourcecode.c.c; path = ELF64_SectionHeaderEntryGetMemoryVirtualAddress.c; sourceTree = "<group>"; };
		055EB5421A93AF14009ACFEC /* ELF64_SectionHeaderEntryGetMiscInfo.c */ = {isa = PBXFileReference; fileEncoding = 4; lastKnownFileType = sourcecode.c.c; path = ELF64_SectionHeaderEntryGetMiscInfo.c; sourceTree = "<group>"; };
		055EB5431A93AF14009ACFEC /* ELF64_SectionHeaderEntryGetNameOffset.c */ = {isa = PBXFileReference; fileEncoding = 4; lastKnownFileType = sourcecode.c.c; path = ELF64_SectionHeaderEntryGetNameOffset.c; sourceTree = "<group>"; };
		055EB5441A93AF14009ACFEC /* ELF64_SectionHeaderEntryGetSectionSize.c */ = {isa = PBXFileReference; fileEncoding = 4; lastKnownFileType = sourcecode.c.c; path = ELF64_SectionHeaderEntryGetSectionSize.c; sourceTree = "<group>"; };
		055EB5451A93AF14009ACFEC /* ELF64_SectionHeaderEntryGetSymbolTableEntryCount.c */ = {isa = PBXFileReference; fileEncoding = 4; lastKnownFileType = sourcecode.c.c; path = ELF64_SectionHeaderEntryGetSymbolTableEntryCount.c; sourceTree = "<group>"; };
		055EB5461A93AF14009ACFEC /* ELF64_SectionHeaderEntryGetType.c */ = {isa = PBXFileReference; fileEncoding = 4; lastKnownFileType = sourcecode.c.c; path = ELF64_SectionHeaderEntryGetType.c; sourceTree = "<group>"; };
		055EB5471A93AF14009ACFEC /* ELF64_SectionHeaderEntryGetTypeString.c */ = {isa = PBXFileReference; fileEncoding = 4; lastKnownFileType = sourcecode.c.c; path = ELF64_SectionHeaderEntryGetTypeString.c; sourceTree = "<group>"; };
		055EB5491A93AF14009ACFEC /* ELF64_SymbolTableEntryGetBinding.c */ = {isa = PBXFileReference; fileEncoding = 4; lastKnownFileType = sourcecode.c.c; path = ELF64_SymbolTableEntryGetBinding.c; sourceTree = "<group>"; };
		055EB54A1A93AF14009ACFEC /* ELF64_SymbolTableEntryGetBindingString.c */ = {isa = PBXFileReference; fileEncoding = 4; lastKnownFileType = sourcecode.c.c; path = ELF64_SymbolTableEntryGetBindingString.c; sourceTree = "<group>"; };
		055EB54B1A93AF14009ACFEC /* ELF64_SymbolTableEntryGetInfo.c */ = {isa = PBXFileReference; fileEncoding = 4; lastKnownFileType = sourcecode.c.c; path = ELF64_SymbolTableEntryGetInfo.c; sourceTree = "<group>"; };
		055EB54C1A93AF14009ACFEC /* ELF64_SymbolTableEntryGetNameOffset.c */ = {isa = PBXFileReference; fileEncoding = 4; lastKnownFileType = sourcecode.c.c; path = ELF64_SymbolTableEntryGetNameOffset.c; sourceTree = "<group>"; };
		055EB54D1A93AF14009ACFEC /* ELF64_SymbolTableEntryGetObjectSize.c */ = {isa = PBXFileReference; fileEncoding = 4; lastKnownFileType = sourcecode.c.c; path = ELF64_SymbolTableEntryGetObjectSize.c; sourceTree = "<group>"; };
		055EB54E1A93AF14009ACFEC /* ELF64_SymbolTableEntryGetSectionTableIndex.c */ = {isa = PBXFileReference; fileEncoding = 4; lastKnownFileType = sourcecode.c.c; path = ELF64_SymbolTableEntryGetSectionTableIndex.c; sourceTree = "<group>"; };
		055EB54F1A93AF14009ACFEC /* ELF64_SymbolTableEntryGetSymbolValue.c */ = {isa = PBXFileReference; fileEncoding = 4; lastKnownFileType = sourcecode.c.c; path = ELF64_SymbolTableEntryGetSymbolValue.c; sourceTree = "<group>"; };
		055EB5501A93AF14009ACFEC /* ELF64_SymbolTableEntryGetType.c */ = {isa = PBXFileReference; fileEncoding = 4; lastKnownFileType = sourcecode.c.c; path = ELF64_SymbolTableEntryGetType.c; sourceTree = "<group>"; };
		055EB5511A93AF14009ACFEC /* ELF64_SymbolTableEntryGetTypeString.c */ = {isa = PBXFileReference; fileEncoding = 4; lastKnownFileType = sourcecode.c.c; path = ELF64_SymbolTableEntryGetTypeString.c; sourceTree = "<group>"; };
/* End PBXFileReference section */

/* Begin PBXGroup section */
		055EB4F71A93AF14009ACFEC /* include */ = {
			isa = PBXGroup;
			children = (
				055EB4F81A93AF14009ACFEC /* elf */,
				055EB5021A93AF14009ACFEC /* elf.h */,
			);
			path = include;
			sourceTree = "<group>";
		};
		055EB4F81A93AF14009ACFEC /* elf */ = {
			isa = PBXGroup;
			children = (
				055EB4F91A93AF14009ACFEC /* __private */,
				055EB4FB1A93AF14009ACFEC /* file.h */,
				055EB4FC1A93AF14009ACFEC /* functions.h */,
				055EB4FD1A93AF14009ACFEC /* header.h */,
				055EB4FE1A93AF14009ACFEC /* pheader.h */,
				055EB4FF1A93AF14009ACFEC /* sheader.h */,
				055EB5001A93AF14009ACFEC /* symbol.h */,
				055EB5011A93AF14009ACFEC /* types.h */,
			);
			path = elf;
			sourceTree = "<group>";
		};
		055EB4F91A93AF14009ACFEC /* __private */ = {
			isa = PBXGroup;
			children = (
				055EB4FA1A93AF14009ACFEC /* elf.h */,
			);
			path = __private;
			sourceTree = "<group>";
		};
		055EB5051A93AF14009ACFEC /* source */ = {
			isa = PBXGroup;
			children = (
				055EB5061A93AF14009ACFEC /* file */,
				055EB5151A93AF14009ACFEC /* functions */,
				055EB5181A93AF14009ACFEC /* header */,
				055EB5301A93AF14009ACFEC /* pheader */,
				055EB53A1A93AF14009ACFEC /* sheader */,
				055EB5481A93AF14009ACFEC /* symbol */,
			);
			path = source;
			sourceTree = "<group>";
		};
		055EB5061A93AF14009ACFEC /* file */ = {
			isa = PBXGroup;
			children = (
				055EB5071A93AF14009ACFEC /* ELF64_FileGetDataForSection.c */,
				055EB5081A93AF14009ACFEC /* ELF64_FileGetDataForSectionAtIndex.c */,
				055EB5091A93AF14009ACFEC /* ELF64_FileGetHeader.c */,
				055EB50A1A93AF14009ACFEC /* ELF64_FileGetNameOfSection.c */,
				055EB50B1A93AF14009ACFEC /* ELF64_FileGetNameOfSectionAtIndex.c */,
				055EB50C1A93AF14009ACFEC /* ELF64_FileGetProgramHeaderEntry.c */,
				055EB50D1A93AF14009ACFEC /* ELF64_FileGetSectionHeaderEntry.c */,
				055EB50E1A93AF14009ACFEC /* ELF64_FileGetSectionHeaderEntryWithName.c */,
				055EB50F1A93AF14009ACFEC /* ELF64_FileGetStringTableHeaderEntry.c */,
				055EB5101A93AF14009ACFEC /* ELF64_FileGetSymbolTableEntryForSection.c */,
				055EB5111A93AF14009ACFEC /* ELF64_FileGetSymbolTableEntryNameForSection.c */,
				055EB5121A93AF14009ACFEC /* ELF64_FileGetSymbolTableEntryWithAddress.c */,
				055EB5131A93AF14009ACFEC /* ELF64_FileGetSymbolTableEntryWithName.c */,
				055EB5141A93AF14009ACFEC /* ELF64_FileIsValid.c */,
			);
			path = file;
			sourceTree = "<group>";
		};
		055EB5151A93AF14009ACFEC /* functions */ = {
			isa = PBXGroup;
			children = (
				055EB5161A93AF14009ACFEC /* ELF64_Hash.c */,
				055EB5171A93AF14009ACFEC /* ELF64_ReadFromData.c */,
			);
			path = functions;
			sourceTree = "<group>";
		};
		055EB5181A93AF14009ACFEC /* header */ = {
			isa = PBXGroup;
			children = (
				055EB5191A93AF14009ACFEC /* ELF64_HeaderGetDataEncoding.c */,
				055EB51A1A93AF14009ACFEC /* ELF64_HeaderGetDataEncodingString.c */,
				055EB51B1A93AF14009ACFEC /* ELF64_HeaderGetEntryPointAddress.c */,
				055EB51C1A93AF14009ACFEC /* ELF64_HeaderGetFileVersion.c */,
				055EB51D1A93AF14009ACFEC /* ELF64_HeaderGetHeaderSize.c */,
				055EB51E1A93AF14009ACFEC /* ELF64_HeaderGetMachine.c */,
				055EB51F1A93AF14009ACFEC /* ELF64_HeaderGetMachineType.c */,
				055EB5201A93AF14009ACFEC /* ELF64_HeaderGetMachineTypeString.c */,
				055EB5211A93AF14009ACFEC /* ELF64_HeaderGetObjectFileClass.c */,
				055EB5221A93AF14009ACFEC /* ELF64_HeaderGetObjectFileClassString.c */,
				055EB5231A93AF14009ACFEC /* ELF64_HeaderGetObjectFileType.c */,
				055EB5241A93AF14009ACFEC /* ELF64_HeaderGetObjectFileTypeString.c */,
				055EB5251A93AF14009ACFEC /* ELF64_HeaderGetOSABI.c */,
				055EB5261A93AF14009ACFEC /* ELF64_HeaderGetOSABIString.c */,
				055EB5271A93AF14009ACFEC /* ELF64_HeaderGetProcessorSpecificFlags.c */,
				055EB5281A93AF14009ACFEC /* ELF64_HeaderGetProgramHeaderEntryCount.c */,
				055EB5291A93AF14009ACFEC /* ELF64_HeaderGetProgramHeaderEntrySize.c */,
				055EB52A1A93AF14009ACFEC /* ELF64_HeaderGetProgramHeaderOffset.c */,
				055EB52B1A93AF14009ACFEC /* ELF64_HeaderGetSectionHeaderEntryCount.c */,
				055EB52C1A93AF14009ACFEC /* ELF64_HeaderGetSectionHeaderEntrySize.c */,
				055EB52D1A93AF14009ACFEC /* ELF64_HeaderGetSectionHeaderOffset.c */,
				055EB52E1A93AF14009ACFEC /* ELF64_HeaderGetSectionNameStringTableIndex.c */,
				055EB52F1A93AF14009ACFEC /* ELF64_HeaderGetVersion.c */,
			);
			path = header;
			sourceTree = "<group>";
		};
		055EB5301A93AF14009ACFEC /* pheader */ = {
			isa = PBXGroup;
			children = (
				055EB5311A93AF14009ACFEC /* ELF64_ProgramHeaderEntryGetAlignment.c */,
				055EB5321A93AF14009ACFEC /* ELF64_ProgramHeaderEntryGetAttributes.c */,
				055EB5331A93AF14009ACFEC /* ELF64_ProgramHeaderEntryGetAttributesString.c */,
				055EB5341A93AF14009ACFEC /* ELF64_ProgramHeaderEntryGetFileOffset.c */,
				055EB5351A93AF14009ACFEC /* ELF64_ProgramHeaderEntryGetFileSize.c */,
				055EB5361A93AF14009ACFEC /* ELF64_ProgramHeaderEntryGetMemorySize.c */,
				055EB5371A93AF14009ACFEC /* ELF64_ProgramHeaderEntryGetMemoryVirtualAddress.c */,
				055EB5381A93AF14009ACFEC /* ELF64_ProgramHeaderEntryGetType.c */,
				055EB5391A93AF14009ACFEC /* ELF64_ProgramHeaderEntryGetTypeString.c */,
			);
			path = pheader;
			sourceTree = "<group>";
		};
		055EB53A1A93AF14009ACFEC /* sheader */ = {
			isa = PBXGroup;
			children = (
				055EB53B1A93AF14009ACFEC /* ELF64_SectionHeaderEntryGetAddressAlignmentBoundary.c */,
				055EB53C1A93AF14009ACFEC /* ELF64_SectionHeaderEntryGetAttributes.c */,
				055EB53D1A93AF14009ACFEC /* ELF64_SectionHeaderEntryGetAttributesString.c */,
				055EB53E1A93AF14009ACFEC /* ELF64_SectionHeaderEntryGetEntrySize.c */,
				055EB53F1A93AF14009ACFEC /* ELF64_SectionHeaderEntryGetFileOffset.c */,
				055EB5401A93AF14009ACFEC /* ELF64_SectionHeaderEntryGetLinkedSectionIndex.c */,
				055EB5411A93AF14009ACFEC /* ELF64_SectionHeaderEntryGetMemoryVirtualAddress.c */,
				055EB5421A93AF14009ACFEC /* ELF64_SectionHeaderEntryGetMiscInfo.c */,
				055EB5431A93AF14009ACFEC /* ELF64_SectionHeaderEntryGetNameOffset.c */,
				055EB5441A93AF14009ACFEC /* ELF64_SectionHeaderEntryGetSectionSize.c */,
				055EB5451A93AF14009ACFEC /* ELF64_SectionHeaderEntryGetSymbolTableEntryCount.c */,
				055EB5461A93AF14009ACFEC /* ELF64_SectionHeaderEntryGetType.c */,
				055EB5471A93AF14009ACFEC /* ELF64_SectionHeaderEntryGetTypeString.c */,
			);
			path = sheader;
			sourceTree = "<group>";
		};
		055EB5481A93AF14009ACFEC /* symbol */ = {
			isa = PBXGroup;
			children = (
				055EB5491A93AF14009ACFEC /* ELF64_SymbolTableEntryGetBinding.c */,
				055EB54A1A93AF14009ACFEC /* ELF64_SymbolTableEntryGetBindingString.c */,
				055EB54B1A93AF14009ACFEC /* ELF64_SymbolTableEntryGetInfo.c */,
				055EB54C1A93AF14009ACFEC /* ELF64_SymbolTableEntryGetNameOffset.c */,
				055EB54D1A93AF14009ACFEC /* ELF64_SymbolTableEntryGetObjectSize.c */,
				055EB54E1A93AF14009ACFEC /* ELF64_SymbolTableEntryGetSectionTableIndex.c */,
				055EB54F1A93AF14009ACFEC /* ELF64_SymbolTableEntryGetSymbolValue.c */,
				055EB5501A93AF14009ACFEC /* ELF64_SymbolTableEntryGetType.c */,
				055EB5511A93AF14009ACFEC /* ELF64_SymbolTableEntryGetTypeString.c */,
			);
			path = symbol;
			sourceTree = "<group>";
		};
		0595BA7A17AC11A70021435A = {
			isa = PBXGroup;
			children = (
				055EB4F71A93AF14009ACFEC /* include */,
				055EB5031A93AF14009ACFEC /* Makefile */,
				055EB5041A93AF14009ACFEC /* README.md */,
				055EB5051A93AF14009ACFEC /* source */,
			);
			sourceTree = "<group>";
		};
/* End PBXGroup section */

/* Begin PBXLegacyTarget section */
		0595BA7F17AC11A70021435A /* XEOS-lib-elf */ = {
			isa = PBXLegacyTarget;
			buildArgumentsString = "$(ACTION)";
			buildConfigurationList = 0595BA8217AC11A70021435A /* Build configuration list for PBXLegacyTarget "XEOS-lib-elf" */;
			buildPhases = (
			);
			buildToolPath = /usr/bin/make;
			buildWorkingDirectory = "";
			dependencies = (
			);
			name = "XEOS-lib-elf";
			passBuildSettingsInEnvironment = 1;
			productName = "LIB-PTHREAD";
		};
/* End PBXLegacyTarget section */

/* Begin PBXProject section */
		0595BA7B17AC11A70021435A /* Project object */ = {
			isa = PBXProject;
			attributes = {
				LastUpgradeCheck = 0630;
				ORGANIZATIONNAME = "XS-Labs";
			};
			buildConfigurationList = 0595BA7E17AC11A70021435A /* Build configuration list for PBXProject "XEOS-lib-elf" */;
			compatibilityVersion = "Xcode 3.2";
			developmentRegion = English;
			hasScannedForEncodings = 0;
			knownRegions = (
				en,
			);
			mainGroup = 0595BA7A17AC11A70021435A;
			projectDirPath = "";
			projectRoot = "";
			targets = (
				0595BA7F17AC11A70021435A /* XEOS-lib-elf */,
			);
		};
/* End PBXProject section */

/* Begin XCBuildConfiguration section */
		0595BA8117AC11A70021435A /* Release */ = {
			isa = XCBuildConfiguration;
			buildSettings = {
			};
			name = Release;
		};
		0595BA8417AC11A70021435A /* Release */ = {
			isa = XCBuildConfiguration;
			buildSettings = {
			};
			name = Release;
		};
/* End XCBuildConfiguration section */

/* Begin XCConfigurationList section */
		0595BA7E17AC11A70021435A /* Build configuration list for PBXProject "XEOS-lib-elf" */ = {
			isa = XCConfigurationList;
			buildConfigurations = (
				0595BA8117AC11A70021435A /* Release */,
			);
			defaultConfigurationIsVisible = 0;
			defaultConfigurationName = Release;
		};
		0595BA8217AC11A70021435A /* Build configuration list for PBXLegacyTarget "XEOS-lib-elf" */ = {
			isa = XCConfigurationList;
			buildConfigurations = (
				0595BA8417AC11A70021435A /* Release */,
			);
			defaultConfigurationIsVisible = 0;
			defaultConfigurationName = Release;
		};
/* End XCConfigurationList section */
	};
	rootObject = 0595BA7B17AC11A70021435A /* Project object */;
}
